Microsoft Visual Studio Solution File, Format Version 12.00
# Visual Studio Version 17
VisualStudioVersion = 17.5.2.0
MinimumVisualStudioVersion = 10.0.40219.1
Project("{FAE04EC0-301F-11D3-BF4B-00C04F79EFBC}") = "Gatocan.API", "Gatocan.API\Gatocan.API.csproj", "{49EB46D1-69E3-5078-60A0-EC4B3F455A84}"
EndProject
Project("{FAE04EC0-301F-11D3-BF4B-00C04F79EFBC}") = "Gatocan.Data", "Gatocan.Data\Gatocan.Data.csproj", "{984DA0CC-F205-4967-8F2F-4BBC68E9BED0}"
EndProject
Project("{FAE04EC0-301F-11D3-BF4B-00C04F79EFBC}") = "Gatocan.Business", "Gatocan.Business\Gatocan.Business.csproj", "{4FBBE5E0-05D3-4CB0-AF25-648AD6E79A65}"
EndProject
Project("{FAE04EC0-301F-11D3-BF4B-00C04F79EFBC}") = "Gatocan.Model", "Gatocan.Model\Gatocan.Model.csproj", "{7053DD87-F78F-4D78-B6EB-98921F88E5DF}"
EndProject
Global
	GlobalSection(SolutionConfigurationPlatforms) = preSolution
		Debug|Any CPU = Debug|Any CPU
		Release|Any CPU = Release|Any CPU
	EndGlobalSection
	GlobalSection(ProjectConfigurationPlatforms) = postSolution
		{49EB46D1-69E3-5078-60A0-EC4B3F455A84}.Debug|Any CPU.ActiveCfg = Debug|Any CPU
		{49EB46D1-69E3-5078-60A0-EC4B3F455A84}.Debug|Any CPU.Build.0 = Debug|Any CPU
		{49EB46D1-69E3-5078-60A0-EC4B3F455A84}.Release|Any CPU.ActiveCfg = Release|Any CPU
		{49EB46D1-69E3-5078-60A0-EC4B3F455A84}.Release|Any CPU.Build.0 = Release|Any CPU
		{984DA0CC-F205-4967-8F2F-4BBC68E9BED0}.Debug|Any CPU.ActiveCfg = Debug|Any CPU
		{984DA0CC-F205-4967-8F2F-4BBC68E9BED0}.Debug|Any CPU.Build.0 = Debug|Any CPU
		{984DA0CC-F205-4967-8F2F-4BBC68E9BED0}.Release|Any CPU.ActiveCfg = Release|Any CPU
		{984DA0CC-F205-4967-8F2F-4BBC68E9BED0}.Release|Any CPU.Build.0 = Release|Any CPU
		{4FBBE5E0-05D3-4CB0-AF25-648AD6E79A65}.Debug|Any CPU.ActiveCfg = Debug|Any CPU
		{4FBBE5E0-05D3-4CB0-AF25-648AD6E79A65}.Debug|Any CPU.Build.0 = Debug|Any CPU
		{4FBBE5E0-05D3-4CB0-AF25-648AD6E79A65}.Release|Any CPU.ActiveCfg = Release|Any CPU
		{4FBBE5E0-05D3-4CB0-AF25-648AD6E79A65}.Release|Any CPU.Build.0 = Release|Any CPU
		{7053DD87-F78F-4D78-B6EB-98921F88E5DF}.Debug|Any CPU.ActiveCfg = Debug|Any CPU
		{7053DD87-F78F-4D78-B6EB-98921F88E5DF}.Debug|Any CPU.Build.0 = Debug|Any CPU
		{7053DD87-F78F-4D78-B6EB-98921F88E5DF}.Release|Any CPU.ActiveCfg = Release|Any CPU
		{7053DD87-F78F-4D78-B6EB-98921F88E5DF}.Release|Any CPU.Build.0 = Release|Any CPU
	EndGlobalSection
	GlobalSection(SolutionProperties) = preSolution
		HideSolutionNode = FALSE
	EndGlobalSection
	GlobalSection(ExtensibilityGlobals) = postSolution
		SolutionGuid = {5FBF105C-2703-4632-B187-70C45315C8EA}
	EndGlobalSection
EndGlobal
